
Microsoft Visual Studio Solution File, Format Version 12.00
Project("{FAE04EC0-301F-11D3-BF4B-00C04F79EFBC}") = "MVC_GerenciadorDeConteudo", "MVC_GerenciadorDeConteudo\MVC_GerenciadorDeConteudo.csproj", "{9457F541-F8DA-4427-89E7-8FD435ACBBCB}"
EndProject
Project("{FAE04EC0-301F-11D3-BF4B-00C04F79EFBC}") = "Database", "Database\Database.csproj", "{674D384A-7B60-42EC-942A-A2285611DB37}"
EndProject
Project("{FAE04EC0-301F-11D3-BF4B-00C04F79EFBC}") = "Business", "Business\Business.csproj", "{AA95034A-71AB-4B20-BA5F-B70563118B10}"
EndProject
Global
	GlobalSection(SolutionConfigurationPlatforms) = preSolution
		Debug|Any CPU = Debug|Any CPU
		Release|Any CPU = Release|Any CPU
	EndGlobalSection
	GlobalSection(ProjectConfigurationPlatforms) = postSolution
		{9457F541-F8DA-4427-89E7-8FD435ACBBCB}.Debug|Any CPU.ActiveCfg = Debug|Any CPU
		{9457F541-F8DA-4427-89E7-8FD435ACBBCB}.Debug|Any CPU.Build.0 = Debug|Any CPU
		{9457F541-F8DA-4427-89E7-8FD435ACBBCB}.Release|Any CPU.ActiveCfg = Release|Any CPU
		{9457F541-F8DA-4427-89E7-8FD435ACBBCB}.Release|Any CPU.Build.0 = Release|Any CPU
		{674D384A-7B60-42EC-942A-A2285611DB37}.Debug|Any CPU.ActiveCfg = Debug|Any CPU
		{674D384A-7B60-42EC-942A-A2285611DB37}.Debug|Any CPU.Build.0 = Debug|Any CPU
		{674D384A-7B60-42EC-942A-A2285611DB37}.Release|Any CPU.ActiveCfg = Release|Any CPU
		{674D384A-7B60-42EC-942A-A2285611DB37}.Release|Any CPU.Build.0 = Release|Any CPU
		{AA95034A-71AB-4B20-BA5F-B70563118B10}.Debug|Any CPU.ActiveCfg = Debug|Any CPU
		{AA95034A-71AB-4B20-BA5F-B70563118B10}.Debug|Any CPU.Build.0 = Debug|Any CPU
		{AA95034A-71AB-4B20-BA5F-B70563118B10}.Release|Any CPU.ActiveCfg = Release|Any CPU
		{AA95034A-71AB-4B20-BA5F-B70563118B10}.Release|Any CPU.Build.0 = Release|Any CPU
	EndGlobalSection
EndGlobal
